
Microsoft Visual Studio Solution File, Format Version 12.00
# Visual Studio 15
VisualStudioVersion = 15.0.27703.2018
MinimumVisualStudioVersion = 10.0.40219.1
Project("{FAE04EC0-301F-11D3-BF4B-00C04F79EFBC}") = "AssignmentProject", "AssignmentProject\AssignmentProject.csproj", "{902CC9A7-3F28-4F8F-A356-AB238D960C04}"
EndProject
Global
	GlobalSection(SolutionConfigurationPlatforms) = preSolution
		Debug|Any CPU = Debug|Any CPU
		Release|Any CPU = Release|Any CPU
	EndGlobalSection
	GlobalSection(ProjectConfigurationPlatforms) = postSolution
		{902CC9A7-3F28-4F8F-A356-AB238D960C04}.Debug|Any CPU.ActiveCfg = Debug|Any CPU
		{902CC9A7-3F28-4F8F-A356-AB238D960C04}.Debug|Any CPU.Build.0 = Debug|Any CPU
		{902CC9A7-3F28-4F8F-A356-AB238D960C04}.Release|Any CPU.ActiveCfg = Release|Any CPU
		{902CC9A7-3F28-4F8F-A356-AB238D960C04}.Release|Any CPU.Build.0 = Release|Any CPU
	EndGlobalSection
	GlobalSection(SolutionProperties) = preSolution
		HideSolutionNode = FALSE
	EndGlobalSection
	GlobalSection(ExtensibilityGlobals) = postSolution
		SolutionGuid = {11B8C04F-C20E-4E6F-96F9-0A8477564771}
	EndGlobalSection
EndGlobal
